
Microsoft Visual Studio Solution File, Format Version 12.00
# Visual Studio Version 16
VisualStudioVersion = 16.0.28803.202
MinimumVisualStudioVersion = 10.0.40219.1
Project("{9A19103F-16F7-4668-BE54-9A1E7A4F7556}") = "MoviegramAPI", "MoviegramAPI\MoviegramAPI.csproj", "{AB28B158-4FAB-4A17-B3C9-31036484D55D}"
EndProject
Project("{FAE04EC0-301F-11D3-BF4B-00C04F79EFBC}") = "MoviegramTests", "MoviegramTests\MoviegramTests.csproj", "{7FDA74D0-6DEF-4200-B1BE-3B806D90B7B2}"
EndProject
Global
	GlobalSection(SolutionConfigurationPlatforms) = preSolution
		Debug|Any CPU = Debug|Any CPU
		Release|Any CPU = Release|Any CPU
	EndGlobalSection
	GlobalSection(ProjectConfigurationPlatforms) = postSolution
		{AB28B158-4FAB-4A17-B3C9-31036484D55D}.Debug|Any CPU.ActiveCfg = Debug|Any CPU
		{AB28B158-4FAB-4A17-B3C9-31036484D55D}.Debug|Any CPU.Build.0 = Debug|Any CPU
		{AB28B158-4FAB-4A17-B3C9-31036484D55D}.Release|Any CPU.ActiveCfg = Release|Any CPU
		{AB28B158-4FAB-4A17-B3C9-31036484D55D}.Release|Any CPU.Build.0 = Release|Any CPU
		{7FDA74D0-6DEF-4200-B1BE-3B806D90B7B2}.Debug|Any CPU.ActiveCfg = Debug|Any CPU
		{7FDA74D0-6DEF-4200-B1BE-3B806D90B7B2}.Debug|Any CPU.Build.0 = Debug|Any CPU
		{7FDA74D0-6DEF-4200-B1BE-3B806D90B7B2}.Release|Any CPU.ActiveCfg = Release|Any CPU
		{7FDA74D0-6DEF-4200-B1BE-3B806D90B7B2}.Release|Any CPU.Build.0 = Release|Any CPU
	EndGlobalSection
	GlobalSection(SolutionProperties) = preSolution
		HideSolutionNode = FALSE
	EndGlobalSection
	GlobalSection(ExtensibilityGlobals) = postSolution
		SolutionGuid = {7B3DDCE5-14A4-47CA-B578-92BCD303EEE9}
	EndGlobalSection
EndGlobal
